
Microsoft Visual Studio Solution File, Format Version 12.00
# Visual Studio Version 16
VisualStudioVersion = 16.0.30621.155
MinimumVisualStudioVersion = 10.0.40219.1
Project("{FAE04EC0-301F-11D3-BF4B-00C04F79EFBC}") = "SpaceRTS", "SpaceRTS.csproj", "{5513027D-AB87-4D6A-835E-BAA8B59049A7}"
EndProject
Global
	GlobalSection(SolutionConfigurationPlatforms) = preSolution
		Debug|Any CPU = Debug|Any CPU
		Release|Any CPU = Release|Any CPU
	EndGlobalSection
	GlobalSection(ProjectConfigurationPlatforms) = postSolution
		{5513027D-AB87-4D6A-835E-BAA8B59049A7}.Debug|Any CPU.ActiveCfg = Debug|Any CPU
		{5513027D-AB87-4D6A-835E-BAA8B59049A7}.Debug|Any CPU.Build.0 = Debug|Any CPU
		{5513027D-AB87-4D6A-835E-BAA8B59049A7}.Release|Any CPU.ActiveCfg = Release|Any CPU
		{5513027D-AB87-4D6A-835E-BAA8B59049A7}.Release|Any CPU.Build.0 = Release|Any CPU
	EndGlobalSection
	GlobalSection(SolutionProperties) = preSolution
		HideSolutionNode = FALSE
	EndGlobalSection
	GlobalSection(ExtensibilityGlobals) = postSolution
		SolutionGuid = {0E2D271A-801D-41B8-9DDC-433362C11A29}
	EndGlobalSection
EndGlobal
